
Microsoft Visual Studio Solution File, Format Version 12.00
# Visual Studio Version 17
VisualStudioVersion = 17.0.31612.314
MinimumVisualStudioVersion = 10.0.40219.1
Project("{9A19103F-16F7-4668-BE54-9A1E7A4F7556}") = "Toolbelt.Blazor.SpeechSynthesis", "Toolbelt.Blazor.SpeechSynthesis\Toolbelt.Blazor.SpeechSynthesis.csproj", "{A6C8F993-500E-47D6-8A67-A9D416D1085C}"
EndProject
Project("{2150E333-8FDC-42A3-9474-1A3956D46DE8}") = "README", "README", "{F8CAC85F-E2A4-4237-9EDA-582595BEB7A0}"
	ProjectSection(SolutionItems) = preProject
		README.md = README.md
		RELEASE-NOTES.txt = RELEASE-NOTES.txt
	EndProjectSection
EndProject
Project("{2150E333-8FDC-42A3-9474-1A3956D46DE8}") = "SampleSites", "SampleSites", "{D5BC12D8-F4C7-4AAA-AEDD-F4F9A024C53A}"
EndProject
Project("{2150E333-8FDC-42A3-9474-1A3956D46DE8}") = "_Solution Items", "_Solution Items", "{1A59BBEE-07F7-42D3-B24B-76EEEF381691}"
	ProjectSection(SolutionItems) = preProject
		.github\workflows\gh-pages.yml = .github\workflows\gh-pages.yml
	EndProjectSection
EndProject
Project("{9A19103F-16F7-4668-BE54-9A1E7A4F7556}") = "SampleSite.Components", "SampleSites\Components\SampleSite.Components.csproj", "{954BB2D9-1772-4E62-A282-3C37FAD4DD30}"
EndProject
Project("{9A19103F-16F7-4668-BE54-9A1E7A4F7556}") = "SampleSite.Client", "SampleSites\Client\SampleSite.Client.csproj", "{60DDE97F-F614-43DE-A106-5463967995B1}"
EndProject
Project("{9A19103F-16F7-4668-BE54-9A1E7A4F7556}") = "SampleSite.Server", "SampleSites\Server\SampleSite.Server.csproj", "{E48F124D-D559-49E9-98EA-67927D4CE5E0}"
EndProject
Project("{9A19103F-16F7-4668-BE54-9A1E7A4F7556}") = "SampleSite.Web.Client", "SampleSites\Web.Client\SampleSite.Web.Client.csproj", "{D6916FEF-9736-4292-8772-2CE67C59BBDD}"
EndProject
Project("{9A19103F-16F7-4668-BE54-9A1E7A4F7556}") = "SampleSite.Web", "SampleSites\Web\SampleSite.Web.csproj", "{67855B7A-2B64-4D08-8A45-194B830439F9}"
EndProject
Global
	GlobalSection(SolutionConfigurationPlatforms) = preSolution
		Debug|Any CPU = Debug|Any CPU
		Release|Any CPU = Release|Any CPU
	EndGlobalSection
	GlobalSection(ProjectConfigurationPlatforms) = postSolution
		{A6C8F993-500E-47D6-8A67-A9D416D1085C}.Debug|Any CPU.ActiveCfg = Debug|Any CPU
		{A6C8F993-500E-47D6-8A67-A9D416D1085C}.Debug|Any CPU.Build.0 = Debug|Any CPU
		{A6C8F993-500E-47D6-8A67-A9D416D1085C}.Release|Any CPU.ActiveCfg = Release|Any CPU
		{A6C8F993-500E-47D6-8A67-A9D416D1085C}.Release|Any CPU.Build.0 = Release|Any CPU
		{954BB2D9-1772-4E62-A282-3C37FAD4DD30}.Debug|Any CPU.ActiveCfg = Debug|Any CPU
		{954BB2D9-1772-4E62-A282-3C37FAD4DD30}.Debug|Any CPU.Build.0 = Debug|Any CPU
		{954BB2D9-1772-4E62-A282-3C37FAD4DD30}.Release|Any CPU.ActiveCfg = Release|Any CPU
		{954BB2D9-1772-4E62-A282-3C37FAD4DD30}.Release|Any CPU.Build.0 = Release|Any CPU
		{60DDE97F-F614-43DE-A106-5463967995B1}.Debug|Any CPU.ActiveCfg = Debug|Any CPU
		{60DDE97F-F614-43DE-A106-5463967995B1}.Debug|Any CPU.Build.0 = Debug|Any CPU
		{60DDE97F-F614-43DE-A106-5463967995B1}.Release|Any CPU.ActiveCfg = Release|Any CPU
		{60DDE97F-F614-43DE-A106-5463967995B1}.Release|Any CPU.Build.0 = Release|Any CPU
		{E48F124D-D559-49E9-98EA-67927D4CE5E0}.Debug|Any CPU.ActiveCfg = Debug|Any CPU
		{E48F124D-D559-49E9-98EA-67927D4CE5E0}.Debug|Any CPU.Build.0 = Debug|Any CPU
		{E48F124D-D559-49E9-98EA-67927D4CE5E0}.Release|Any CPU.ActiveCfg = Release|Any CPU
		{E48F124D-D559-49E9-98EA-67927D4CE5E0}.Release|Any CPU.Build.0 = Release|Any CPU
		{D6916FEF-9736-4292-8772-2CE67C59BBDD}.Debug|Any CPU.ActiveCfg = Debug|Any CPU
		{D6916FEF-9736-4292-8772-2CE67C59BBDD}.Debug|Any CPU.Build.0 = Debug|Any CPU
		{D6916FEF-9736-4292-8772-2CE67C59BBDD}.Release|Any CPU.ActiveCfg = Release|Any CPU
		{D6916FEF-9736-4292-8772-2CE67C59BBDD}.Release|Any CPU.Build.0 = Release|Any CPU
		{67855B7A-2B64-4D08-8A45-194B830439F9}.Debug|Any CPU.ActiveCfg = Debug|Any CPU
		{67855B7A-2B64-4D08-8A45-194B830439F9}.Debug|Any CPU.Build.0 = Debug|Any CPU
		{67855B7A-2B64-4D08-8A45-194B830439F9}.Release|Any CPU.ActiveCfg = Release|Any CPU
		{67855B7A-2B64-4D08-8A45-194B830439F9}.Release|Any CPU.Build.0 = Release|Any CPU
	EndGlobalSection
	GlobalSection(SolutionProperties) = preSolution
		HideSolutionNode = FALSE
	EndGlobalSection
	GlobalSection(NestedProjects) = preSolution
		{954BB2D9-1772-4E62-A282-3C37FAD4DD30} = {D5BC12D8-F4C7-4AAA-AEDD-F4F9A024C53A}
		{60DDE97F-F614-43DE-A106-5463967995B1} = {D5BC12D8-F4C7-4AAA-AEDD-F4F9A024C53A}
		{E48F124D-D559-49E9-98EA-67927D4CE5E0} = {D5BC12D8-F4C7-4AAA-AEDD-F4F9A024C53A}
		{D6916FEF-9736-4292-8772-2CE67C59BBDD} = {D5BC12D8-F4C7-4AAA-AEDD-F4F9A024C53A}
		{67855B7A-2B64-4D08-8A45-194B830439F9} = {D5BC12D8-F4C7-4AAA-AEDD-F4F9A024C53A}
	EndGlobalSection
	GlobalSection(ExtensibilityGlobals) = postSolution
		SolutionGuid = {55EFE8E5-C3EB-4128-9592-F27026A30FC6}
	EndGlobalSection
EndGlobal
